
Microsoft Visual Studio Solution File, Format Version 12.00
# Visual Studio Version 17
VisualStudioVersion = 17.9.34622.214
MinimumVisualStudioVersion = 10.0.40219.1
Project("{FAE04EC0-301F-11D3-BF4B-00C04F79EFBC}") = "Watchtogether-Backend", "Watchtogether-Backend\Watchtogether-Backend.csproj", "{D3D69119-D311-43E9-A60F-D9438FF19933}"
EndProject
Global
	GlobalSection(SolutionConfigurationPlatforms) = preSolution
		Debug|Any CPU = Debug|Any CPU
		Release|Any CPU = Release|Any CPU
	EndGlobalSection
	GlobalSection(ProjectConfigurationPlatforms) = postSolution
		{D3D69119-D311-43E9-A60F-D9438FF19933}.Debug|Any CPU.ActiveCfg = Debug|Any CPU
		{D3D69119-D311-43E9-A60F-D9438FF19933}.Debug|Any CPU.Build.0 = Debug|Any CPU
		{D3D69119-D311-43E9-A60F-D9438FF19933}.Release|Any CPU.ActiveCfg = Release|Any CPU
		{D3D69119-D311-43E9-A60F-D9438FF19933}.Release|Any CPU.Build.0 = Release|Any CPU
	EndGlobalSection
	GlobalSection(SolutionProperties) = preSolution
		HideSolutionNode = FALSE
	EndGlobalSection
	GlobalSection(ExtensibilityGlobals) = postSolution
		SolutionGuid = {0623B2FE-A309-41C8-8E90-829546CB5D7F}
	EndGlobalSection
EndGlobal
